
Microsoft Visual Studio Solution File, Format Version 12.00
# Visual Studio Version 17
VisualStudioVersion = 17.3.32804.467
MinimumVisualStudioVersion = 10.0.40219.1
Project("{9A19103F-16F7-4668-BE54-9A1E7A4F7556}") = "MvcApp", "MvcApp\MvcApp.csproj", "{7095F569-39BC-4C03-B32C-F5BB0258552C}"
EndProject
Project("{2150E333-8FDC-42A3-9474-1A3956D46DE8}") = "School", "School", "{2CBF0385-1E69-4AE8-A74A-7CB1D5866334}"
EndProject
Project("{9A19103F-16F7-4668-BE54-9A1E7A4F7556}") = "Core", "Core\Core.csproj", "{91925CCF-E1A2-4C9C-9CB6-7CD0CAE5E48A}"
EndProject
Project("{9A19103F-16F7-4668-BE54-9A1E7A4F7556}") = "Domain.Tests", "Domain.Tests\Domain.Tests.csproj", "{3A34C362-6C85-441A-AE3C-8562DFEB9C54}"
EndProject
Project("{FAE04EC0-301F-11D3-BF4B-00C04F79EFBC}") = "MvcApp.Tests", "MvcApp.Tests\MvcApp.Tests.csproj", "{EC46B8A0-CEC9-4CBE-8F44-FDD43426A4A9}"
EndProject
Global
	GlobalSection(SolutionConfigurationPlatforms) = preSolution
		Debug|Any CPU = Debug|Any CPU
		Release|Any CPU = Release|Any CPU
	EndGlobalSection
	GlobalSection(ProjectConfigurationPlatforms) = postSolution
		{7095F569-39BC-4C03-B32C-F5BB0258552C}.Debug|Any CPU.ActiveCfg = Debug|Any CPU
		{7095F569-39BC-4C03-B32C-F5BB0258552C}.Debug|Any CPU.Build.0 = Debug|Any CPU
		{7095F569-39BC-4C03-B32C-F5BB0258552C}.Release|Any CPU.ActiveCfg = Release|Any CPU
		{7095F569-39BC-4C03-B32C-F5BB0258552C}.Release|Any CPU.Build.0 = Release|Any CPU
		{91925CCF-E1A2-4C9C-9CB6-7CD0CAE5E48A}.Debug|Any CPU.ActiveCfg = Debug|Any CPU
		{91925CCF-E1A2-4C9C-9CB6-7CD0CAE5E48A}.Debug|Any CPU.Build.0 = Debug|Any CPU
		{91925CCF-E1A2-4C9C-9CB6-7CD0CAE5E48A}.Release|Any CPU.ActiveCfg = Release|Any CPU
		{91925CCF-E1A2-4C9C-9CB6-7CD0CAE5E48A}.Release|Any CPU.Build.0 = Release|Any CPU
		{3A34C362-6C85-441A-AE3C-8562DFEB9C54}.Debug|Any CPU.ActiveCfg = Debug|Any CPU
		{3A34C362-6C85-441A-AE3C-8562DFEB9C54}.Debug|Any CPU.Build.0 = Debug|Any CPU
		{3A34C362-6C85-441A-AE3C-8562DFEB9C54}.Release|Any CPU.ActiveCfg = Release|Any CPU
		{3A34C362-6C85-441A-AE3C-8562DFEB9C54}.Release|Any CPU.Build.0 = Release|Any CPU
		{EC46B8A0-CEC9-4CBE-8F44-FDD43426A4A9}.Debug|Any CPU.ActiveCfg = Debug|Any CPU
		{EC46B8A0-CEC9-4CBE-8F44-FDD43426A4A9}.Debug|Any CPU.Build.0 = Debug|Any CPU
		{EC46B8A0-CEC9-4CBE-8F44-FDD43426A4A9}.Release|Any CPU.ActiveCfg = Release|Any CPU
		{EC46B8A0-CEC9-4CBE-8F44-FDD43426A4A9}.Release|Any CPU.Build.0 = Release|Any CPU
	EndGlobalSection
	GlobalSection(SolutionProperties) = preSolution
		HideSolutionNode = FALSE
	EndGlobalSection
	GlobalSection(NestedProjects) = preSolution
		{91925CCF-E1A2-4C9C-9CB6-7CD0CAE5E48A} = {2CBF0385-1E69-4AE8-A74A-7CB1D5866334}
		{3A34C362-6C85-441A-AE3C-8562DFEB9C54} = {2CBF0385-1E69-4AE8-A74A-7CB1D5866334}
	EndGlobalSection
	GlobalSection(ExtensibilityGlobals) = postSolution
		SolutionGuid = {67F5380A-B1FB-4D5B-8CE7-C254234FE726}
	EndGlobalSection
EndGlobal
